<Solution>
  <Folder Name="/Éléments de solution/">
    <File Path="readme.md" />
  </Folder>
  <Project Path="Demo_BooksOfShame.BLL/Demo_BooksOfShame.BLL.csproj" />
  <Project Path="Demo_BooksOfShame.DAL/Demo_BooksOfShame.DAL.csproj" />
  <Project Path="Demo_BooksOfShame.DB/Demo_BooksOfShame.DB.sqlproj">
    <Build />
    <Deploy />
  </Project>
  <Project Path="Demo_BooksOfShame/Demo_BooksOfShame.csproj" />
</Solution>
